{
	"name": "@nestjs/cqrs-microservices",
	"version": "0.0.0",
	"lockfileVersion": 1,
	"requires": true,
	"dependencies": {
		"@nestjs/cqrs": {
			"version": "6.0.1",
			"resolved": "https://registry.npmjs.org/@nestjs/cqrs/-/cqrs-6.0.1.tgz",
			"integrity": "sha512-txBHYZFRAREHsohEEePZo7NNsKnGfye1X+usB4fKi7s/Hp6YoDnX6TlMuwE7SCZBljVIn7q/Vdt3uDOJirtyfA==",
			"dev": true
		},
		"@nestjs/microservices": {
			"version": "6.5.3",
			"resolved": "https://registry.npmjs.org/@nestjs/microservices/-/microservices-6.5.3.tgz",
			"integrity": "sha512-T9zZf61myahenI4c0qhcYnhnx49L+zL9+8W6fc+LPTarbt1HJDu6iyj6fh2BzewakwNLJRyGMJ9YCYlXhFuvlA==",
			"dev": true,
			"requires": {
				"iterare": "1.2.0",
				"json-socket": "0.3.0",
				"optional": "0.1.4"
			}
		},
		"iterare": {
			"version": "1.2.0",
			"resolved": "https://registry.npmjs.org/iterare/-/iterare-1.2.0.tgz",
			"integrity": "sha512-RxMV9p/UzdK0Iplnd8mVgRvNdXlsTOiuDrqMRnDi3wIhbT+JP4xDquAX9ay13R3CH72NBzQ91KWe0+C168QAyQ==",
			"dev": true
		},
		"json-socket": {
			"version": "0.3.0",
			"resolved": "https://registry.npmjs.org/json-socket/-/json-socket-0.3.0.tgz",
			"integrity": "sha512-jc8ZbUnYIWdxERFWQKVgwSLkGSe+kyzvmYxwNaRgx/c8NNyuHes4UHnPM3LUrAFXUx1BhNJ94n1h/KCRlbvV0g==",
			"dev": true
		},
		"optional": {
			"version": "0.1.4",
			"resolved": "https://registry.npmjs.org/optional/-/optional-0.1.4.tgz",
			"integrity": "sha512-gtvrrCfkE08wKcgXaVwQVgwEQ8vel2dc5DDBn9RLQZ3YtmtkBss6A2HY6BnJH4N/4Ku97Ri/SF8sNWE2225WJw==",
			"dev": true
		}
	}
}
